// !$*UTF8*$!
{
	archiveVersion = 1;
	classes = {
	};
	objectVersion = 46;
	objects = {

/* Begin PBXBuildFile section */
		C800DE3918914E3C00A5C4A9 /* Foundation.framework in Frameworks */ = {isa = PBXBuildFile; fileRef = C800DE3818914E3C00A5C4A9 /* Foundation.framework */; };
		C800DE3B18914E3C00A5C4A9 /* CoreGraphics.framework in Frameworks */ = {isa = PBXBuildFile; fileRef = C800DE3A18914E3C00A5C4A9 /* CoreGraphics.framework */; };
		C800DE3D18914E3C00A5C4A9 /* UIKit.framework in Frameworks */ = {isa = PBXBuildFile; fileRef = C800DE3C18914E3C00A5C4A9 /* UIKit.framework */; };
		C800DE4318914E3C00A5C4A9 /* InfoPlist.strings in Resources */ = {isa = PBXBuildFile; fileRef = C800DE4118914E3C00A5C4A9 /* InfoPlist.strings */; };
		C800DE4518914E3C00A5C4A9 /* main.m in Sources */ = {isa = PBXBuildFile; fileRef = C800DE4418914E3C00A5C4A9 /* main.m */; };
		C800DE4918914E3C00A5C4A9 /* RPAppDelegate.m in Sources */ = {isa = PBXBuildFile; fileRef = C800DE4818914E3C00A5C4A9 /* RPAppDelegate.m */; };
		C800DE4C18914E3C00A5C4A9 /* Main.storyboard in Resources */ = {isa = PBXBuildFile; fileRef = C800DE4A18914E3C00A5C4A9 /* Main.storyboard */; };
		C800DE5418914E3C00A5C4A9 /* Images.xcassets in Resources */ = {isa = PBXBuildFile; fileRef = C800DE5318914E3C00A5C4A9 /* Images.xcassets */; };
		C800DE5B18914E3C00A5C4A9 /* XCTest.framework in Frameworks */ = {isa = PBXBuildFile; fileRef = C800DE5A18914E3C00A5C4A9 /* XCTest.framework */; };
		C800DE5C18914E3C00A5C4A9 /* Foundation.framework in Frameworks */ = {isa = PBXBuildFile; fileRef = C800DE3818914E3C00A5C4A9 /* Foundation.framework */; };
		C800DE5D18914E3C00A5C4A9 /* UIKit.framework in Frameworks */ = {isa = PBXBuildFile; fileRef = C800DE3C18914E3C00A5C4A9 /* UIKit.framework */; };
		C800DE6518914E3C00A5C4A9 /* InfoPlist.strings in Resources */ = {isa = PBXBuildFile; fileRef = C800DE6318914E3C00A5C4A9 /* InfoPlist.strings */; };
		C800DE6718914E3C00A5C4A9 /* RandomPlayerTests.m in Sources */ = {isa = PBXBuildFile; fileRef = C800DE6618914E3C00A5C4A9 /* RandomPlayerTests.m */; };
		C814D10618A8EBBE001A088F /* RPMediaListTVC.m in Sources */ = {isa = PBXBuildFile; fileRef = C814D10518A8EBBE001A088F /* RPMediaListTVC.m */; };
		C814D10918A8F88E001A088F /* RPAlbumListTVC.m in Sources */ = {isa = PBXBuildFile; fileRef = C814D10818A8F88E001A088F /* RPAlbumListTVC.m */; };
		C85D23E318A42F0400D9B5AB /* MediaPlayer.framework in Frameworks */ = {isa = PBXBuildFile; fileRef = C85D23E218A42F0400D9B5AB /* MediaPlayer.framework */; };
		C86C95CF18B223BB00409EC5 /* RPArtistListTVC.m in Sources */ = {isa = PBXBuildFile; fileRef = C86C95CE18B223BB00409EC5 /* RPArtistListTVC.m */; };
		C88BEFFD19377BC4006C7CE5 /* SWRevealViewController.m in Sources */ = {isa = PBXBuildFile; fileRef = C88BEFFC19377BC4006C7CE5 /* SWRevealViewController.m */; };
		C88BF0001937842E006C7CE5 /* RPTabBarController.m in Sources */ = {isa = PBXBuildFile; fileRef = C88BEFFF1937842E006C7CE5 /* RPTabBarController.m */; };
		C88BF00319378501006C7CE5 /* RPQueueTVC.m in Sources */ = {isa = PBXBuildFile; fileRef = C88BF00219378501006C7CE5 /* RPQueueTVC.m */; };
		C88BF006193789E3006C7CE5 /* RPTools.m in Sources */ = {isa = PBXBuildFile; fileRef = C88BF005193789E3006C7CE5 /* RPTools.m */; };
		C8A6D9EB18A96FB100912849 /* PMInfoFormattedForTV.m in Sources */ = {isa = PBXBuildFile; fileRef = C8A6D9EA18A96FB100912849 /* PMInfoFormattedForTV.m */; };
		C8A6D9EE18A971E100912849 /* RPDictionaryIndexPath.m in Sources */ = {isa = PBXBuildFile; fileRef = C8A6D9ED18A971E100912849 /* RPDictionaryIndexPath.m */; };
		C8DE09BA1933D47500796E5F /* RPPlayerViewController.m in Sources */ = {isa = PBXBuildFile; fileRef = C8DE09B91933D47500796E5F /* RPPlayerViewController.m */; };
		C8FDDEA21938F50E003D9BB9 /* RPSmartListTVC.m in Sources */ = {isa = PBXBuildFile; fileRef = C8FDDEA11938F50E003D9BB9 /* RPSmartListTVC.m */; };
/* End PBXBuildFile section */

/* Begin PBXContainerItemProxy section */
		C800DE5E18914E3C00A5C4A9 /* PBXContainerItemProxy */ = {
			isa = PBXContainerItemProxy;
			containerPortal = C800DE2D18914E3C00A5C4A9 /* Project object */;
			proxyType = 1;
			remoteGlobalIDString = C800DE3418914E3C00A5C4A9;
			remoteInfo = RandomPlayer;
		};
/* End PBXContainerItemProxy section */

/* Begin PBXFileReference section */
		C800DE3518914E3C00A5C4A9 /* RandomPlayer.app */ = {isa = PBXFileReference; explicitFileType = wrapper.application; includeInIndex = 0; path = RandomPlayer.app; sourceTree = BUILT_PRODUCTS_DIR; };
		C800DE3818914E3C00A5C4A9 /* Foundation.framework */ = {isa = PBXFileReference; lastKnownFileType = wrapper.framework; name = Foundation.framework; path = System/Library/Frameworks/Foundation.framework; sourceTree = SDKROOT; };
		C800DE3A18914E3C00A5C4A9 /* CoreGraphics.framework */ = {isa = PBXFileReference; lastKnownFileType = wrapper.framework; name = CoreGraphics.framework; path = System/Library/Frameworks/CoreGraphics.framework; sourceTree = SDKROOT; };
		C800DE3C18914E3C00A5C4A9 /* UIKit.framework */ = {isa = PBXFileReference; lastKnownFileType = wrapper.framework; name = UIKit.framework; path = System/Library/Frameworks/UIKit.framework; sourceTree = SDKROOT; };
		C800DE4018914E3C00A5C4A9 /* RandomPlayer-Info.plist */ = {isa = PBXFileReference; lastKnownFileType = text.plist.xml; path = "RandomPlayer-Info.plist"; sourceTree = "<group>"; };
		C800DE4218914E3C00A5C4A9 /* en */ = {isa = PBXFileReference; lastKnownFileType = text.plist.strings; name = en; path = en.lproj/InfoPlist.strings; sourceTree = "<group>"; };
		C800DE4418914E3C00A5C4A9 /* main.m */ = {isa = PBXFileReference; lastKnownFileType = sourcecode.c.objc; path = main.m; sourceTree = "<group>"; };
		C800DE4618914E3C00A5C4A9 /* RandomPlayer-Prefix.pch */ = {isa = PBXFileReference; lastKnownFileType = sourcecode.c.h; path = "RandomPlayer-Prefix.pch"; sourceTree = "<group>"; };
		C800DE4718914E3C00A5C4A9 /* RPAppDelegate.h */ = {isa = PBXFileReference; lastKnownFileType = sourcecode.c.h; path = RPAppDelegate.h; sourceTree = "<group>"; };
		C800DE4818914E3C00A5C4A9 /* RPAppDelegate.m */ = {isa = PBXFileReference; lastKnownFileType = sourcecode.c.objc; path = RPAppDelegate.m; sourceTree = "<group>"; };
		C800DE4B18914E3C00A5C4A9 /* Base */ = {isa = PBXFileReference; lastKnownFileType = file.storyboard; name = Base; path = Base.lproj/Main.storyboard; sourceTree = "<group>"; };
		C800DE5318914E3C00A5C4A9 /* Images.xcassets */ = {isa = PBXFileReference; lastKnownFileType = folder.assetcatalog; path = Images.xcassets; sourceTree = "<group>"; };
		C800DE5918914E3C00A5C4A9 /* RandomPlayerTests.xctest */ = {isa = PBXFileReference; explicitFileType = wrapper.cfbundle; includeInIndex = 0; path = RandomPlayerTests.xctest; sourceTree = BUILT_PRODUCTS_DIR; };
		C800DE5A18914E3C00A5C4A9 /* XCTest.framework */ = {isa = PBXFileReference; lastKnownFileType = wrapper.framework; name = XCTest.framework; path = Library/Frameworks/XCTest.framework; sourceTree = DEVELOPER_DIR; };
		C800DE6218914E3C00A5C4A9 /* RandomPlayerTests-Info.plist */ = {isa = PBXFileReference; lastKnownFileType = text.plist.xml; path = "RandomPlayerTests-Info.plist"; sourceTree = "<group>"; };
		C800DE6418914E3C00A5C4A9 /* en */ = {isa = PBXFileReference; lastKnownFileType = text.plist.strings; name = en; path = en.lproj/InfoPlist.strings; sourceTree = "<group>"; };
		C800DE6618914E3C00A5C4A9 /* RandomPlayerTests.m */ = {isa = PBXFileReference; lastKnownFileType = sourcecode.c.objc; path = RandomPlayerTests.m; sourceTree = "<group>"; };
		C814D10418A8EBBE001A088F /* RPMediaListTVC.h */ = {isa = PBXFileReference; fileEncoding = 4; lastKnownFileType = sourcecode.c.h; path = RPMediaListTVC.h; sourceTree = "<group>"; };
		C814D10518A8EBBE001A088F /* RPMediaListTVC.m */ = {isa = PBXFileReference; fileEncoding = 4; lastKnownFileType = sourcecode.c.objc; path = RPMediaListTVC.m; sourceTree = "<group>"; };
		C814D10718A8F88E001A088F /* RPAlbumListTVC.h */ = {isa = PBXFileReference; fileEncoding = 4; lastKnownFileType = sourcecode.c.h; path = RPAlbumListTVC.h; sourceTree = "<group>"; };
		C814D10818A8F88E001A088F /* RPAlbumListTVC.m */ = {isa = PBXFileReference; fileEncoding = 4; lastKnownFileType = sourcecode.c.objc; path = RPAlbumListTVC.m; sourceTree = "<group>"; };
		C85D23E218A42F0400D9B5AB /* MediaPlayer.framework */ = {isa = PBXFileReference; lastKnownFileType = wrapper.framework; name = MediaPlayer.framework; path = System/Library/Frameworks/MediaPlayer.framework; sourceTree = SDKROOT; };
		C86C95CD18B223BB00409EC5 /* RPArtistListTVC.h */ = {isa = PBXFileReference; fileEncoding = 4; lastKnownFileType = sourcecode.c.h; path = RPArtistListTVC.h; sourceTree = "<group>"; };
		C86C95CE18B223BB00409EC5 /* RPArtistListTVC.m */ = {isa = PBXFileReference; fileEncoding = 4; lastKnownFileType = sourcecode.c.objc; path = RPArtistListTVC.m; sourceTree = "<group>"; };
		C88BEFFB19377BC4006C7CE5 /* SWRevealViewController.h */ = {isa = PBXFileReference; fileEncoding = 4; lastKnownFileType = sourcecode.c.h; path = SWRevealViewController.h; sourceTree = "<group>"; };
		C88BEFFC19377BC4006C7CE5 /* SWRevealViewController.m */ = {isa = PBXFileReference; fileEncoding = 4; lastKnownFileType = sourcecode.c.objc; path = SWRevealViewController.m; sourceTree = "<group>"; };
		C88BEFFE1937842E006C7CE5 /* RPTabBarController.h */ = {isa = PBXFileReference; fileEncoding = 4; lastKnownFileType = sourcecode.c.h; path = RPTabBarController.h; sourceTree = "<group>"; };
		C88BEFFF1937842E006C7CE5 /* RPTabBarController.m */ = {isa = PBXFileReference; fileEncoding = 4; lastKnownFileType = sourcecode.c.objc; path = RPTabBarController.m; sourceTree = "<group>"; };
		C88BF00119378501006C7CE5 /* RPQueueTVC.h */ = {isa = PBXFileReference; fileEncoding = 4; lastKnownFileType = sourcecode.c.h; path = RPQueueTVC.h; sourceTree = "<group>"; };
		C88BF00219378501006C7CE5 /* RPQueueTVC.m */ = {isa = PBXFileReference; fileEncoding = 4; lastKnownFileType = sourcecode.c.objc; path = RPQueueTVC.m; sourceTree = "<group>"; };
		C88BF004193789E3006C7CE5 /* RPTools.h */ = {isa = PBXFileReference; fileEncoding = 4; lastKnownFileType = sourcecode.c.h; path = RPTools.h; sourceTree = "<group>"; };
		C88BF005193789E3006C7CE5 /* RPTools.m */ = {isa = PBXFileReference; fileEncoding = 4; lastKnownFileType = sourcecode.c.objc; path = RPTools.m; sourceTree = "<group>"; };
		C8A6D9E818A96E0400912849 /* DebugDefines.h */ = {isa = PBXFileReference; lastKnownFileType = sourcecode.c.h; path = DebugDefines.h; sourceTree = "<group>"; };
		C8A6D9E918A96FB100912849 /* PMInfoFormattedForTV.h */ = {isa = PBXFileReference; fileEncoding = 4; lastKnownFileType = sourcecode.c.h; path = PMInfoFormattedForTV.h; sourceTree = "<group>"; };
		C8A6D9EA18A96FB100912849 /* PMInfoFormattedForTV.m */ = {isa = PBXFileReference; fileEncoding = 4; lastKnownFileType = sourcecode.c.objc; path = PMInfoFormattedForTV.m; sourceTree = "<group>"; };
		C8A6D9EC18A971E100912849 /* RPDictionaryIndexPath.h */ = {isa = PBXFileReference; fileEncoding = 4; lastKnownFileType = sourcecode.c.h; path = RPDictionaryIndexPath.h; sourceTree = "<group>"; };
		C8A6D9ED18A971E100912849 /* RPDictionaryIndexPath.m */ = {isa = PBXFileReference; fileEncoding = 4; lastKnownFileType = sourcecode.c.objc; path = RPDictionaryIndexPath.m; sourceTree = "<group>"; };
		C8DE09B81933D47500796E5F /* RPPlayerViewController.h */ = {isa = PBXFileReference; fileEncoding = 4; lastKnownFileType = sourcecode.c.h; path = RPPlayerViewController.h; sourceTree = "<group>"; };
		C8DE09B91933D47500796E5F /* RPPlayerViewController.m */ = {isa = PBXFileReference; fileEncoding = 4; lastKnownFileType = sourcecode.c.objc; path = RPPlayerViewController.m; sourceTree = "<group>"; };
		C8FDDEA01938F50E003D9BB9 /* RPSmartListTVC.h */ = {isa = PBXFileReference; fileEncoding = 4; lastKnownFileType = sourcecode.c.h; path = RPSmartListTVC.h; sourceTree = "<group>"; };
		C8FDDEA11938F50E003D9BB9 /* RPSmartListTVC.m */ = {isa = PBXFileReference; fileEncoding = 4; lastKnownFileType = sourcecode.c.objc; path = RPSmartListTVC.m; sourceTree = "<group>"; };
/* End PBXFileReference section */

/* Begin PBXFrameworksBuildPhase section */
		C800DE3218914E3C00A5C4A9 /* Frameworks */ = {
			isa = PBXFrameworksBuildPhase;
			buildActionMask = 2147483647;
			files = (
				C85D23E318A42F0400D9B5AB /* MediaPlayer.framework in Frameworks */,
				C800DE3B18914E3C00A5C4A9 /* CoreGraphics.framework in Frameworks */,
				C800DE3D18914E3C00A5C4A9 /* UIKit.framework in Frameworks */,
				C800DE3918914E3C00A5C4A9 /* Foundation.framework in Frameworks */,
			);
			runOnlyForDeploymentPostprocessing = 0;
		};
		C800DE5618914E3C00A5C4A9 /* Frameworks */ = {
			isa = PBXFrameworksBuildPhase;
			buildActionMask = 2147483647;
			files = (
				C800DE5B18914E3C00A5C4A9 /* XCTest.framework in Frameworks */,
				C800DE5D18914E3C00A5C4A9 /* UIKit.framework in Frameworks */,
				C800DE5C18914E3C00A5C4A9 /* Foundation.framework in Frameworks */,
			);
			runOnlyForDeploymentPostprocessing = 0;
		};
/* End PBXFrameworksBuildPhase section */

/* Begin PBXGroup section */
		C800DE2C18914E3C00A5C4A9 = {
			isa = PBXGroup;
			children = (
				C88BEFF919377BA7006C7CE5 /* External_libraries */,
				C800DE3E18914E3C00A5C4A9 /* RandomPlayer */,
				C800DE6018914E3C00A5C4A9 /* RandomPlayerTests */,
				C800DE3718914E3C00A5C4A9 /* Frameworks */,
				C800DE3618914E3C00A5C4A9 /* Products */,
			);
			sourceTree = "<group>";
		};
		C800DE3618914E3C00A5C4A9 /* Products */ = {
			isa = PBXGroup;
			children = (
				C800DE3518914E3C00A5C4A9 /* RandomPlayer.app */,
				C800DE5918914E3C00A5C4A9 /* RandomPlayerTests.xctest */,
			);
			name = Products;
			sourceTree = "<group>";
		};
		C800DE3718914E3C00A5C4A9 /* Frameworks */ = {
			isa = PBXGroup;
			children = (
				C85D23E218A42F0400D9B5AB /* MediaPlayer.framework */,
				C800DE3818914E3C00A5C4A9 /* Foundation.framework */,
				C800DE3A18914E3C00A5C4A9 /* CoreGraphics.framework */,
				C800DE3C18914E3C00A5C4A9 /* UIKit.framework */,
				C800DE5A18914E3C00A5C4A9 /* XCTest.framework */,
			);
			name = Frameworks;
			sourceTree = "<group>";
		};
		C800DE3E18914E3C00A5C4A9 /* RandomPlayer */ = {
			isa = PBXGroup;
			children = (
				C800DE4718914E3C00A5C4A9 /* RPAppDelegate.h */,
				C800DE4818914E3C00A5C4A9 /* RPAppDelegate.m */,
				C800DE4A18914E3C00A5C4A9 /* Main.storyboard */,
				C88BF004193789E3006C7CE5 /* RPTools.h */,
				C88BF005193789E3006C7CE5 /* RPTools.m */,
				C88BEFFE1937842E006C7CE5 /* RPTabBarController.h */,
				C88BEFFF1937842E006C7CE5 /* RPTabBarController.m */,
				C88BF00119378501006C7CE5 /* RPQueueTVC.h */,
				C88BF00219378501006C7CE5 /* RPQueueTVC.m */,
				C8DE09B81933D47500796E5F /* RPPlayerViewController.h */,
				C8DE09B91933D47500796E5F /* RPPlayerViewController.m */,
				C814D10718A8F88E001A088F /* RPAlbumListTVC.h */,
				C814D10818A8F88E001A088F /* RPAlbumListTVC.m */,
				C86C95CD18B223BB00409EC5 /* RPArtistListTVC.h */,
				C86C95CE18B223BB00409EC5 /* RPArtistListTVC.m */,
				C814D10418A8EBBE001A088F /* RPMediaListTVC.h */,
				C814D10518A8EBBE001A088F /* RPMediaListTVC.m */,
				C8FDDEA01938F50E003D9BB9 /* RPSmartListTVC.h */,
				C8FDDEA11938F50E003D9BB9 /* RPSmartListTVC.m */,
				C800DE5318914E3C00A5C4A9 /* Images.xcassets */,
				C8A6D9E918A96FB100912849 /* PMInfoFormattedForTV.h */,
				C8A6D9EA18A96FB100912849 /* PMInfoFormattedForTV.m */,
				C8A6D9EC18A971E100912849 /* RPDictionaryIndexPath.h */,
				C8A6D9ED18A971E100912849 /* RPDictionaryIndexPath.m */,
				C800DE3F18914E3C00A5C4A9 /* Supporting Files */,
			);
			path = RandomPlayer;
			sourceTree = "<group>";
		};
		C800DE3F18914E3C00A5C4A9 /* Supporting Files */ = {
			isa = PBXGroup;
			children = (
				C800DE4018914E3C00A5C4A9 /* RandomPlayer-Info.plist */,
				C800DE4118914E3C00A5C4A9 /* InfoPlist.strings */,
				C800DE4418914E3C00A5C4A9 /* main.m */,
				C800DE4618914E3C00A5C4A9 /* RandomPlayer-Prefix.pch */,
				C8A6D9E818A96E0400912849 /* DebugDefines.h */,
			);
			name = "Supporting Files";
			sourceTree = "<group>";
		};
		C800DE6018914E3C00A5C4A9 /* RandomPlayerTests */ = {
			isa = PBXGroup;
			children = (
				C800DE6618914E3C00A5C4A9 /* RandomPlayerTests.m */,
				C800DE6118914E3C00A5C4A9 /* Supporting Files */,
			);
			path = RandomPlayerTests;
			sourceTree = "<group>";
		};
		C800DE6118914E3C00A5C4A9 /* Supporting Files */ = {
			isa = PBXGroup;
			children = (
				C800DE6218914E3C00A5C4A9 /* RandomPlayerTests-Info.plist */,
				C800DE6318914E3C00A5C4A9 /* InfoPlist.strings */,
			);
			name = "Supporting Files";
			sourceTree = "<group>";
		};
		C88BEFF919377BA7006C7CE5 /* External_libraries */ = {
			isa = PBXGroup;
			children = (
				C88BEFFA19377BC4006C7CE5 /* SWRevealViewController */,
			);
			name = External_libraries;
			sourceTree = "<group>";
		};
		C88BEFFA19377BC4006C7CE5 /* SWRevealViewController */ = {
			isa = PBXGroup;
			children = (
				C88BEFFB19377BC4006C7CE5 /* SWRevealViewController.h */,
				C88BEFFC19377BC4006C7CE5 /* SWRevealViewController.m */,
			);
			path = SWRevealViewController;
			sourceTree = "<group>";
		};
/* End PBXGroup section */

/* Begin PBXNativeTarget section */
		C800DE3418914E3C00A5C4A9 /* RandomPlayer */ = {
			isa = PBXNativeTarget;
			buildConfigurationList = C800DE6A18914E3C00A5C4A9 /* Build configuration list for PBXNativeTarget "RandomPlayer" */;
			buildPhases = (
				C800DE3118914E3C00A5C4A9 /* Sources */,
				C800DE3218914E3C00A5C4A9 /* Frameworks */,
				C800DE3318914E3C00A5C4A9 /* Resources */,
			);
			buildRules = (
			);
			dependencies = (
			);
			name = RandomPlayer;
			productName = RandomPlayer;
			productReference = C800DE3518914E3C00A5C4A9 /* RandomPlayer.app */;
			productType = "com.apple.product-type.application";
		};
		C800DE5818914E3C00A5C4A9 /* RandomPlayerTests */ = {
			isa = PBXNativeTarget;
			buildConfigurationList = C800DE6D18914E3C00A5C4A9 /* Build configuration list for PBXNativeTarget "RandomPlayerTests" */;
			buildPhases = (
				C800DE5518914E3C00A5C4A9 /* Sources */,
				C800DE5618914E3C00A5C4A9 /* Frameworks */,
				C800DE5718914E3C00A5C4A9 /* Resources */,
			);
			buildRules = (
			);
			dependencies = (
				C800DE5F18914E3C00A5C4A9 /* PBXTargetDependency */,
			);
			name = RandomPlayerTests;
			productName = RandomPlayerTests;
			productReference = C800DE5918914E3C00A5C4A9 /* RandomPlayerTests.xctest */;
			productType = "com.apple.product-type.bundle.unit-test";
		};
/* End PBXNativeTarget section */

/* Begin PBXProject section */
		C800DE2D18914E3C00A5C4A9 /* Project object */ = {
			isa = PBXProject;
			attributes = {
				CLASSPREFIX = RP;
				LastUpgradeCheck = 0510;
				ORGANIZATIONNAME = "Jonathan Duss";
				TargetAttributes = {
					C800DE5818914E3C00A5C4A9 = {
						TestTargetID = C800DE3418914E3C00A5C4A9;
					};
				};
			};
			buildConfigurationList = C800DE3018914E3C00A5C4A9 /* Build configuration list for PBXProject "RandomPlayer" */;
			compatibilityVersion = "Xcode 3.2";
			developmentRegion = English;
			hasScannedForEncodings = 0;
			knownRegions = (
				en,
				Base,
			);
			mainGroup = C800DE2C18914E3C00A5C4A9;
			productRefGroup = C800DE3618914E3C00A5C4A9 /* Products */;
			projectDirPath = "";
			projectRoot = "";
			targets = (
				C800DE3418914E3C00A5C4A9 /* RandomPlayer */,
				C800DE5818914E3C00A5C4A9 /* RandomPlayerTests */,
			);
		};
/* End PBXProject section */

/* Begin PBXResourcesBuildPhase section */
		C800DE3318914E3C00A5C4A9 /* Resources */ = {
			isa = PBXResourcesBuildPhase;
			buildActionMask = 2147483647;
			files = (
				C800DE5418914E3C00A5C4A9 /* Images.xcassets in Resources */,
				C800DE4318914E3C00A5C4A9 /* InfoPlist.strings in Resources */,
				C800DE4C18914E3C00A5C4A9 /* Main.storyboard in Resources */,
			);
			runOnlyForDeploymentPostprocessing = 0;
		};
		C800DE5718914E3C00A5C4A9 /* Resources */ = {
			isa = PBXResourcesBuildPhase;
			buildActionMask = 2147483647;
			files = (
				C800DE6518914E3C00A5C4A9 /* InfoPlist.strings in Resources */,
			);
			runOnlyForDeploymentPostprocessing = 0;
		};
/* End PBXResourcesBuildPhase section */

/* Begin PBXSourcesBuildPhase section */
		C800DE3118914E3C00A5C4A9 /* Sources */ = {
			isa = PBXSourcesBuildPhase;
			buildActionMask = 2147483647;
			files = (
				C814D10618A8EBBE001A088F /* RPMediaListTVC.m in Sources */,
				C88BF0001937842E006C7CE5 /* RPTabBarController.m in Sources */,
				C88BF00319378501006C7CE5 /* RPQueueTVC.m in Sources */,
				C88BF006193789E3006C7CE5 /* RPTools.m in Sources */,
				C8DE09BA1933D47500796E5F /* RPPlayerViewController.m in Sources */,
				C800DE4918914E3C00A5C4A9 /* RPAppDelegate.m in Sources */,
				C814D10918A8F88E001A088F /* RPAlbumListTVC.m in Sources */,
				C8A6D9EB18A96FB100912849 /* PMInfoFormattedForTV.m in Sources */,
				C8FDDEA21938F50E003D9BB9 /* RPSmartListTVC.m in Sources */,
				C800DE4518914E3C00A5C4A9 /* main.m in Sources */,
				C88BEFFD19377BC4006C7CE5 /* SWRevealViewController.m in Sources */,
				C8A6D9EE18A971E100912849 /* RPDictionaryIndexPath.m in Sources */,
				C86C95CF18B223BB00409EC5 /* RPArtistListTVC.m in Sources */,
			);
			runOnlyForDeploymentPostprocessing = 0;
		};
		C800DE5518914E3C00A5C4A9 /* Sources */ = {
			isa = PBXSourcesBuildPhase;
			buildActionMask = 2147483647;
			files = (
				C800DE6718914E3C00A5C4A9 /* RandomPlayerTests.m in Sources */,
			);
			runOnlyForDeploymentPostprocessing = 0;
		};
/* End PBXSourcesBuildPhase section */

/* Begin PBXTargetDependency section */
		C800DE5F18914E3C00A5C4A9 /* PBXTargetDependency */ = {
			isa = PBXTargetDependency;
			target = C800DE3418914E3C00A5C4A9 /* RandomPlayer */;
			targetProxy = C800DE5E18914E3C00A5C4A9 /* PBXContainerItemProxy */;
		};
/* End PBXTargetDependency section */

/* Begin PBXVariantGroup section */
		C800DE4118914E3C00A5C4A9 /* InfoPlist.strings */ = {
			isa = PBXVariantGroup;
			children = (
				C800DE4218914E3C00A5C4A9 /* en */,
			);
			name = InfoPlist.strings;
			sourceTree = "<group>";
		};
		C800DE4A18914E3C00A5C4A9 /* Main.storyboard */ = {
			isa = PBXVariantGroup;
			children = (
				C800DE4B18914E3C00A5C4A9 /* Base */,
			);
			name = Main.storyboard;
			sourceTree = "<group>";
		};
		C800DE6318914E3C00A5C4A9 /* InfoPlist.strings */ = {
			isa = PBXVariantGroup;
			children = (
				C800DE6418914E3C00A5C4A9 /* en */,
			);
			name = InfoPlist.strings;
			sourceTree = "<group>";
		};
/* End PBXVariantGroup section */

/* Begin XCBuildConfiguration section */
		C800DE6818914E3C00A5C4A9 /* Debug */ = {
			isa = XCBuildConfiguration;
			buildSettings = {
				ALWAYS_SEARCH_USER_PATHS = NO;
				ARCHS = "$(ARCHS_STANDARD_INCLUDING_64_BIT)";
				CLANG_CXX_LANGUAGE_STANDARD = "gnu++0x";
				CLANG_CXX_LIBRARY = "libc++";
				CLANG_ENABLE_MODULES = YES;
				CLANG_ENABLE_OBJC_ARC = YES;
				CLANG_WARN_BOOL_CONVERSION = YES;
				CLANG_WARN_CONSTANT_CONVERSION = YES;
				CLANG_WARN_DIRECT_OBJC_ISA_USAGE = YES_ERROR;
				CLANG_WARN_EMPTY_BODY = YES;
				CLANG_WARN_ENUM_CONVERSION = YES;
				CLANG_WARN_INT_CONVERSION = YES;
				CLANG_WARN_OBJC_ROOT_CLASS = YES_ERROR;
				CLANG_WARN__DUPLICATE_METHOD_MATCH = YES;
				"CODE_SIGN_IDENTITY[sdk=iphoneos*]" = "iPhone Developer";
				COPY_PHASE_STRIP = NO;
				GCC_C_LANGUAGE_STANDARD = gnu99;
				GCC_DYNAMIC_NO_PIC = NO;
				GCC_OPTIMIZATION_LEVEL = 0;
				GCC_PREPROCESSOR_DEFINITIONS = (
					"DEBUG=1",
					"$(inherited)",
				);
				GCC_SYMBOLS_PRIVATE_EXTERN = NO;
				GCC_WARN_64_TO_32_BIT_CONVERSION = YES;
				GCC_WARN_ABOUT_RETURN_TYPE = YES_ERROR;
				GCC_WARN_UNDECLARED_SELECTOR = YES;
				GCC_WARN_UNINITIALIZED_AUTOS = YES_AGGRESSIVE;
				GCC_WARN_UNUSED_FUNCTION = YES;
				GCC_WARN_UNUSED_VARIABLE = YES;
				IPHONEOS_DEPLOYMENT_TARGET = 7.1;
				ONLY_ACTIVE_ARCH = YES;
				SDKROOT = iphoneos;
			};
			name = Debug;
		};
		C800DE6918914E3C00A5C4A9 /* Release */ = {
			isa = XCBuildConfiguration;
			buildSettings = {
				ALWAYS_SEARCH_USER_PATHS = NO;
				ARCHS = "$(ARCHS_STANDARD_INCLUDING_64_BIT)";
				CLANG_CXX_LANGUAGE_STANDARD = "gnu++0x";
				CLANG_CXX_LIBRARY = "libc++";
				CLANG_ENABLE_MODULES = YES;
				CLANG_ENABLE_OBJC_ARC = YES;
				CLANG_WARN_BOOL_CONVERSION = YES;
				CLANG_WARN_CONSTANT_CONVERSION = YES;
				CLANG_WARN_DIRECT_OBJC_ISA_USAGE = YES_ERROR;
				CLANG_WARN_EMPTY_BODY = YES;
				CLANG_WARN_ENUM_CONVERSION = YES;
				CLANG_WARN_INT_CONVERSION = YES;
				CLANG_WARN_OBJC_ROOT_CLASS = YES_ERROR;
				CLANG_WARN__DUPLICATE_METHOD_MATCH = YES;
				"CODE_SIGN_IDENTITY[sdk=iphoneos*]" = "iPhone Developer";
				COPY_PHASE_STRIP = YES;
				ENABLE_NS_ASSERTIONS = NO;
				GCC_C_LANGUAGE_STANDARD = gnu99;
				GCC_WARN_64_TO_32_BIT_CONVERSION = YES;
				GCC_WARN_ABOUT_RETURN_TYPE = YES_ERROR;
				GCC_WARN_UNDECLARED_SELECTOR = YES;
				GCC_WARN_UNINITIALIZED_AUTOS = YES_AGGRESSIVE;
				GCC_WARN_UNUSED_FUNCTION = YES;
				GCC_WARN_UNUSED_VARIABLE = YES;
				IPHONEOS_DEPLOYMENT_TARGET = 7.1;
				SDKROOT = iphoneos;
				VALIDATE_PRODUCT = YES;
			};
			name = Release;
		};
		C800DE6B18914E3C00A5C4A9 /* Debug */ = {
			isa = XCBuildConfiguration;
			buildSettings = {
				ASSETCATALOG_COMPILER_APPICON_NAME = AppIcon;
				ASSETCATALOG_COMPILER_LAUNCHIMAGE_NAME = LaunchImage;
				GCC_PRECOMPILE_PREFIX_HEADER = YES;
				GCC_PREFIX_HEADER = "RandomPlayer/RandomPlayer-Prefix.pch";
				INFOPLIST_FILE = "RandomPlayer/RandomPlayer-Info.plist";
				PRODUCT_NAME = "$(TARGET_NAME)";
				WRAPPER_EXTENSION = app;
			};
			name = Debug;
		};
		C800DE6C18914E3C00A5C4A9 /* Release */ = {
			isa = XCBuildConfiguration;
			buildSettings = {
				ASSETCATALOG_COMPILER_APPICON_NAME = AppIcon;
				ASSETCATALOG_COMPILER_LAUNCHIMAGE_NAME = LaunchImage;
				GCC_PRECOMPILE_PREFIX_HEADER = YES;
				GCC_PREFIX_HEADER = "RandomPlayer/RandomPlayer-Prefix.pch";
				INFOPLIST_FILE = "RandomPlayer/RandomPlayer-Info.plist";
				PRODUCT_NAME = "$(TARGET_NAME)";
				WRAPPER_EXTENSION = app;
			};
			name = Release;
		};
		C800DE6E18914E3C00A5C4A9 /* Debug */ = {
			isa = XCBuildConfiguration;
			buildSettings = {
				ARCHS = "$(ARCHS_STANDARD_INCLUDING_64_BIT)";
				BUNDLE_LOADER = "$(BUILT_PRODUCTS_DIR)/RandomPlayer.app/RandomPlayer";
				FRAMEWORK_SEARCH_PATHS = (
					"$(SDKROOT)/Developer/Library/Frameworks",
					"$(inherited)",
					"$(DEVELOPER_FRAMEWORKS_DIR)",
				);
				GCC_PRECOMPILE_PREFIX_HEADER = YES;
				GCC_PREFIX_HEADER = "RandomPlayer/RandomPlayer-Prefix.pch";
				GCC_PREPROCESSOR_DEFINITIONS = (
					"DEBUG=1",
					"$(inherited)",
				);
				INFOPLIST_FILE = "RandomPlayerTests/RandomPlayerTests-Info.plist";
				PRODUCT_NAME = "$(TARGET_NAME)";
				TEST_HOST = "$(BUNDLE_LOADER)";
				WRAPPER_EXTENSION = xctest;
			};
			name = Debug;
		};
		C800DE6F18914E3C00A5C4A9 /* Release */ = {
			isa = XCBuildConfiguration;
			buildSettings = {
				ARCHS = "$(ARCHS_STANDARD_INCLUDING_64_BIT)";
				BUNDLE_LOADER = "$(BUILT_PRODUCTS_DIR)/RandomPlayer.app/RandomPlayer";
				FRAMEWORK_SEARCH_PATHS = (
					"$(SDKROOT)/Developer/Library/Frameworks",
					"$(inherited)",
					"$(DEVELOPER_FRAMEWORKS_DIR)",
				);
				GCC_PRECOMPILE_PREFIX_HEADER = YES;
				GCC_PREFIX_HEADER = "RandomPlayer/RandomPlayer-Prefix.pch";
				INFOPLIST_FILE = "RandomPlayerTests/RandomPlayerTests-Info.plist";
				PRODUCT_NAME = "$(TARGET_NAME)";
				TEST_HOST = "$(BUNDLE_LOADER)";
				WRAPPER_EXTENSION = xctest;
			};
			name = Release;
		};
/* End XCBuildConfiguration section */

/* Begin XCConfigurationList section */
		C800DE3018914E3C00A5C4A9 /* Build configuration list for PBXProject "RandomPlayer" */ = {
			isa = XCConfigurationList;
			buildConfigurations = (
				C800DE6818914E3C00A5C4A9 /* Debug */,
				C800DE6918914E3C00A5C4A9 /* Release */,
			);
			defaultConfigurationIsVisible = 0;
			defaultConfigurationName = Release;
		};
		C800DE6A18914E3C00A5C4A9 /* Build configuration list for PBXNativeTarget "RandomPlayer" */ = {
			isa = XCConfigurationList;
			buildConfigurations = (
				C800DE6B18914E3C00A5C4A9 /* Debug */,
				C800DE6C18914E3C00A5C4A9 /* Release */,
			);
			defaultConfigurationIsVisible = 0;
			defaultConfigurationName = Release;
		};
		C800DE6D18914E3C00A5C4A9 /* Build configuration list for PBXNativeTarget "RandomPlayerTests" */ = {
			isa = XCConfigurationList;
			buildConfigurations = (
				C800DE6E18914E3C00A5C4A9 /* Debug */,
				C800DE6F18914E3C00A5C4A9 /* Release */,
			);
			defaultConfigurationIsVisible = 0;
			defaultConfigurationName = Release;
		};
/* End XCConfigurationList section */
	};
	rootObject = C800DE2D18914E3C00A5C4A9 /* Project object */;
}
